
Microsoft Visual Studio Solution File, Format Version 12.00
# Visual Studio Version 17
VisualStudioVersion = 17.7.34221.43
MinimumVisualStudioVersion = 10.0.40219.1
Project("{9A19103F-16F7-4668-BE54-9A1E7A4F7556}") = "Bot.Api", "Bot.Api\Bot.Api.csproj", "{BE6AE3C4-854D-49C8-9AF5-5EB316FBC5A5}"
EndProject
Project("{9A19103F-16F7-4668-BE54-9A1E7A4F7556}") = "Bot.Domain", "Bot.Domain\Bot.Domain.csproj", "{CC6FE525-8F62-4C25-97BE-4E70BAE58005}"
EndProject
Project("{9A19103F-16F7-4668-BE54-9A1E7A4F7556}") = "Bot.Application", "Bot.Application\Bot.Application.csproj", "{385DC409-E075-456D-A963-8E7D989F58D2}"
EndProject
Project("{9A19103F-16F7-4668-BE54-9A1E7A4F7556}") = "Bot.Infrastructure", "Bot.Infrasturcture\Bot.Infrastructure.csproj", "{F7A3CE93-974C-4705-B899-98C55F5BD8E5}"
EndProject
Project("{E53339B2-1760-4266-BCC7-CA923CBCF16C}") = "docker-compose", "docker-compose.dcproj", "{58DD2D50-B699-41BD-AEC1-0A8AEAD76169}"
EndProject
Global
	GlobalSection(SolutionConfigurationPlatforms) = preSolution
		Debug|Any CPU = Debug|Any CPU
		Release|Any CPU = Release|Any CPU
	EndGlobalSection
	GlobalSection(ProjectConfigurationPlatforms) = postSolution
		{BE6AE3C4-854D-49C8-9AF5-5EB316FBC5A5}.Debug|Any CPU.ActiveCfg = Debug|Any CPU
		{BE6AE3C4-854D-49C8-9AF5-5EB316FBC5A5}.Debug|Any CPU.Build.0 = Debug|Any CPU
		{BE6AE3C4-854D-49C8-9AF5-5EB316FBC5A5}.Release|Any CPU.ActiveCfg = Release|Any CPU
		{BE6AE3C4-854D-49C8-9AF5-5EB316FBC5A5}.Release|Any CPU.Build.0 = Release|Any CPU
		{CC6FE525-8F62-4C25-97BE-4E70BAE58005}.Debug|Any CPU.ActiveCfg = Debug|Any CPU
		{CC6FE525-8F62-4C25-97BE-4E70BAE58005}.Debug|Any CPU.Build.0 = Debug|Any CPU
		{CC6FE525-8F62-4C25-97BE-4E70BAE58005}.Release|Any CPU.ActiveCfg = Release|Any CPU
		{CC6FE525-8F62-4C25-97BE-4E70BAE58005}.Release|Any CPU.Build.0 = Release|Any CPU
		{385DC409-E075-456D-A963-8E7D989F58D2}.Debug|Any CPU.ActiveCfg = Debug|Any CPU
		{385DC409-E075-456D-A963-8E7D989F58D2}.Debug|Any CPU.Build.0 = Debug|Any CPU
		{385DC409-E075-456D-A963-8E7D989F58D2}.Release|Any CPU.ActiveCfg = Release|Any CPU
		{385DC409-E075-456D-A963-8E7D989F58D2}.Release|Any CPU.Build.0 = Release|Any CPU
		{F7A3CE93-974C-4705-B899-98C55F5BD8E5}.Debug|Any CPU.ActiveCfg = Debug|Any CPU
		{F7A3CE93-974C-4705-B899-98C55F5BD8E5}.Debug|Any CPU.Build.0 = Debug|Any CPU
		{F7A3CE93-974C-4705-B899-98C55F5BD8E5}.Release|Any CPU.ActiveCfg = Release|Any CPU
		{F7A3CE93-974C-4705-B899-98C55F5BD8E5}.Release|Any CPU.Build.0 = Release|Any CPU
		{58DD2D50-B699-41BD-AEC1-0A8AEAD76169}.Debug|Any CPU.ActiveCfg = Debug|Any CPU
		{58DD2D50-B699-41BD-AEC1-0A8AEAD76169}.Debug|Any CPU.Build.0 = Debug|Any CPU
		{58DD2D50-B699-41BD-AEC1-0A8AEAD76169}.Release|Any CPU.ActiveCfg = Release|Any CPU
		{58DD2D50-B699-41BD-AEC1-0A8AEAD76169}.Release|Any CPU.Build.0 = Release|Any CPU
	EndGlobalSection
	GlobalSection(SolutionProperties) = preSolution
		HideSolutionNode = FALSE
	EndGlobalSection
	GlobalSection(ExtensibilityGlobals) = postSolution
		SolutionGuid = {A86E333C-1993-4793-85F9-EFEFBDAC6E60}
	EndGlobalSection
EndGlobal
